
Microsoft Visual Studio Solution File, Format Version 12.00
# Visual Studio 2013
VisualStudioVersion = 12.0.21005.1
MinimumVisualStudioVersion = 10.0.40219.1
Project("{8BC9CEB8-8B4A-11D0-8D11-00A0C91BC942}") = "GameFinal", "GameFinal\GameFinal.vcxproj", "{F764B441-35DB-4ADD-859F-D5DE5B6727F2}"
EndProject
Project("{2150E333-8FDC-42A3-9474-1A3956D46DE8}") = "Examples", "Examples", "{57B3FAA2-19BF-4F3F-8F33-15129AB65F96}"
EndProject
Project("{8BC9CEB8-8B4A-11D0-8D11-00A0C91BC942}") = "LightManage", "Examples\LightManage\LightManage.vcxproj", "{C1408AEF-F41B-4E9E-941E-942D1A1B52DD}"
	ProjectSection(ProjectDependencies) = postProject
		{F764B441-35DB-4ADD-859F-D5DE5B6727F2} = {F764B441-35DB-4ADD-859F-D5DE5B6727F2}
	EndProjectSection
EndProject
Project("{2150E333-8FDC-42A3-9474-1A3956D46DE8}") = "Tools", "Tools", "{F18F03AF-E12D-4FD7-91B8-DB354EBA1CAD}"
EndProject
Project("{8BC9CEB8-8B4A-11D0-8D11-00A0C91BC942}") = "ShadowMap", "Examples\ShadowMap\ShadowMap.vcxproj", "{6A289C48-3CB3-4409-BC34-5102200EBBD0}"
	ProjectSection(ProjectDependencies) = postProject
		{F764B441-35DB-4ADD-859F-D5DE5B6727F2} = {F764B441-35DB-4ADD-859F-D5DE5B6727F2}
	EndProjectSection
EndProject
Project("{8BC9CEB8-8B4A-11D0-8D11-00A0C91BC942}") = "CascadeShadow", "Examples\CascadeShadow\CascadeShadow.vcxproj", "{F35FC41E-A886-4A42-8E34-BDF6058CC98A}"
	ProjectSection(ProjectDependencies) = postProject
		{F764B441-35DB-4ADD-859F-D5DE5B6727F2} = {F764B441-35DB-4ADD-859F-D5DE5B6727F2}
	EndProjectSection
EndProject
Project("{8BC9CEB8-8B4A-11D0-8D11-00A0C91BC942}") = "Instances", "Examples\Instances\Instances.vcxproj", "{433D67CF-5340-464C-86BB-5ABDE9F3D867}"
	ProjectSection(ProjectDependencies) = postProject
		{F764B441-35DB-4ADD-859F-D5DE5B6727F2} = {F764B441-35DB-4ADD-859F-D5DE5B6727F2}
	EndProjectSection
EndProject
Project("{8BC9CEB8-8B4A-11D0-8D11-00A0C91BC942}") = "Havok", "Examples\Havok\Havok.vcxproj", "{4FA89066-F29A-4410-B56C-001ED192B1E3}"
	ProjectSection(ProjectDependencies) = postProject
		{F764B441-35DB-4ADD-859F-D5DE5B6727F2} = {F764B441-35DB-4ADD-859F-D5DE5B6727F2}
	EndProjectSection
EndProject
Project("{8BC9CEB8-8B4A-11D0-8D11-00A0C91BC942}") = "GSDemo", "Examples\GSDemo\GSDemo.vcxproj", "{9B749D34-6BDF-4A0B-8C57-2D36AFDC94DA}"
EndProject
Project("{8BC9CEB8-8B4A-11D0-8D11-00A0C91BC942}") = "PostEffect", "Examples\PostEffect\PostEffect.vcxproj", "{62B5CE9B-57A7-4BD6-A0C5-1AAA94CE7E13}"
	ProjectSection(ProjectDependencies) = postProject
		{F764B441-35DB-4ADD-859F-D5DE5B6727F2} = {F764B441-35DB-4ADD-859F-D5DE5B6727F2}
	EndProjectSection
EndProject
Project("{8BC9CEB8-8B4A-11D0-8D11-00A0C91BC942}") = "TessellationDemo", "Examples\TessellationDemo\TessellationDemo.vcxproj", "{9BD403FF-62E2-42F4-98F1-D86E00497427}"
EndProject
Project("{8BC9CEB8-8B4A-11D0-8D11-00A0C91BC942}") = "WaterWave", "Examples\WaterWave\WaterWave.vcxproj", "{441BAEF9-FD18-4653-B0B8-05E4C5243538}"
	ProjectSection(ProjectDependencies) = postProject
		{F764B441-35DB-4ADD-859F-D5DE5B6727F2} = {F764B441-35DB-4ADD-859F-D5DE5B6727F2}
	EndProjectSection
EndProject
Project("{8BC9CEB8-8B4A-11D0-8D11-00A0C91BC942}") = "Terrain", "Examples\Terrain\Terrain.vcxproj", "{331EF10B-29F1-43BB-B678-4211E69C1BE4}"
	ProjectSection(ProjectDependencies) = postProject
		{F764B441-35DB-4ADD-859F-D5DE5B6727F2} = {F764B441-35DB-4ADD-859F-D5DE5B6727F2}
	EndProjectSection
EndProject
Project("{8BC9CEB8-8B4A-11D0-8D11-00A0C91BC942}") = "TerrainTextureGenerator", "Tools\TerrainTextureGenerator\TerrainTextureGenerator.vcxproj", "{DE2B81EE-0CBE-4B1B-974E-7577589AC24E}"
EndProject
Project("{8BC9CEB8-8B4A-11D0-8D11-00A0C91BC942}") = "MeshConverter", "Tools\MeshConverter\MeshConverter.vcxproj", "{DEBE4326-869C-4DB5-BE46-12F23AE4463E}"
EndProject
Project("{8BC9CEB8-8B4A-11D0-8D11-00A0C91BC942}") = "FallingObjects", "Examples\FallingObjects\FallingObjects.vcxproj", "{374040FD-0288-4C04-A7C8-E32AA26DFE82}"
	ProjectSection(ProjectDependencies) = postProject
		{F764B441-35DB-4ADD-859F-D5DE5B6727F2} = {F764B441-35DB-4ADD-859F-D5DE5B6727F2}
	EndProjectSection
EndProject
Project("{2150E333-8FDC-42A3-9474-1A3956D46DE8}") = "Race", "Race", "{C27AB49C-D5C1-4815-886B-126546718504}"
EndProject
Project("{8BC9CEB8-8B4A-11D0-8D11-00A0C91BC942}") = "Demo1", "Race\Demo1\Demo1.vcxproj", "{7A049C80-A7C8-4985-8D1F-F6F6ADF5BA0D}"
	ProjectSection(ProjectDependencies) = postProject
		{F764B441-35DB-4ADD-859F-D5DE5B6727F2} = {F764B441-35DB-4ADD-859F-D5DE5B6727F2}
	EndProjectSection
EndProject
Project("{8BC9CEB8-8B4A-11D0-8D11-00A0C91BC942}") = "Terrain", "Race\Terrain\Terrain.vcxproj", "{CB6AABF5-003E-4838-9D3F-A3E27FB42BA6}"
	ProjectSection(ProjectDependencies) = postProject
		{F764B441-35DB-4ADD-859F-D5DE5B6727F2} = {F764B441-35DB-4ADD-859F-D5DE5B6727F2}
	EndProjectSection
EndProject
Project("{8BC9CEB8-8B4A-11D0-8D11-00A0C91BC942}") = "Plant", "Race\Plant\Plant.vcxproj", "{6E333E82-8B1A-4F2A-993B-1D18096205BF}"
	ProjectSection(ProjectDependencies) = postProject
		{F764B441-35DB-4ADD-859F-D5DE5B6727F2} = {F764B441-35DB-4ADD-859F-D5DE5B6727F2}
	EndProjectSection
EndProject
Project("{8BC9CEB8-8B4A-11D0-8D11-00A0C91BC942}") = "DeferredShading", "Examples\DeferredShading\DeferredShading.vcxproj", "{68BFCF0F-506C-4E99-9132-A269BE89BF16}"
	ProjectSection(ProjectDependencies) = postProject
		{F764B441-35DB-4ADD-859F-D5DE5B6727F2} = {F764B441-35DB-4ADD-859F-D5DE5B6727F2}
	EndProjectSection
EndProject
Project("{8BC9CEB8-8B4A-11D0-8D11-00A0C91BC942}") = "DeferredShading2", "Examples\DeferredShading2\DeferredShading2.vcxproj", "{4FEA1107-5CCB-472F-8891-0FE0B75DBF3E}"
	ProjectSection(ProjectDependencies) = postProject
		{F764B441-35DB-4ADD-859F-D5DE5B6727F2} = {F764B441-35DB-4ADD-859F-D5DE5B6727F2}
	EndProjectSection
EndProject
Project("{8BC9CEB8-8B4A-11D0-8D11-00A0C91BC942}") = "ComputeShader", "Examples\ComputeShader\ComputeShader.vcxproj", "{BEC51213-C375-4E5B-8EBA-E5ED9E7B08D4}"
	ProjectSection(ProjectDependencies) = postProject
		{F764B441-35DB-4ADD-859F-D5DE5B6727F2} = {F764B441-35DB-4ADD-859F-D5DE5B6727F2}
	EndProjectSection
EndProject
Project("{8BC9CEB8-8B4A-11D0-8D11-00A0C91BC942}") = "SceneEditor", "Race\SceneEditor\SceneEditor.vcxproj", "{1AB925D1-A22A-42BA-B4FA-7E9AA263ACDF}"
	ProjectSection(ProjectDependencies) = postProject
		{F764B441-35DB-4ADD-859F-D5DE5B6727F2} = {F764B441-35DB-4ADD-859F-D5DE5B6727F2}
	EndProjectSection
EndProject
Project("{8BC9CEB8-8B4A-11D0-8D11-00A0C91BC942}") = "Demo2", "Race\Demo2\Demo2.vcxproj", "{910A8350-133A-4765-AA29-E713097D8841}"
	ProjectSection(ProjectDependencies) = postProject
		{F764B441-35DB-4ADD-859F-D5DE5B6727F2} = {F764B441-35DB-4ADD-859F-D5DE5B6727F2}
	EndProjectSection
EndProject
Project("{8BC9CEB8-8B4A-11D0-8D11-00A0C91BC942}") = "PhysicsEditor", "Race\PhysicsEditor\PhysicsEditor.vcxproj", "{1140B992-3897-4BA0-B038-D1ECB4460D43}"
	ProjectSection(ProjectDependencies) = postProject
		{F764B441-35DB-4ADD-859F-D5DE5B6727F2} = {F764B441-35DB-4ADD-859F-D5DE5B6727F2}
	EndProjectSection
EndProject
Project("{2150E333-8FDC-42A3-9474-1A3956D46DE8}") = "Tutorials", "Tutorials", "{BA99B0F4-18D0-447C-8438-245C98D17A71}"
EndProject
Project("{8BC9CEB8-8B4A-11D0-8D11-00A0C91BC942}") = "HelloWorld", "Tutorials\HelloWorld\HelloWorld.vcxproj", "{ABFC3F51-6F70-4952-B816-BDF53F581A6D}"
	ProjectSection(ProjectDependencies) = postProject
		{F764B441-35DB-4ADD-859F-D5DE5B6727F2} = {F764B441-35DB-4ADD-859F-D5DE5B6727F2}
	EndProjectSection
EndProject
Project("{8BC9CEB8-8B4A-11D0-8D11-00A0C91BC942}") = "Material", "Tutorials\Material\Material.vcxproj", "{79E504F6-656C-4F47-83FE-DBA1032C59C7}"
	ProjectSection(ProjectDependencies) = postProject
		{F764B441-35DB-4ADD-859F-D5DE5B6727F2} = {F764B441-35DB-4ADD-859F-D5DE5B6727F2}
	EndProjectSection
EndProject
Project("{8BC9CEB8-8B4A-11D0-8D11-00A0C91BC942}") = "Light", "Tutorials\Light\Light.vcxproj", "{C8B9F297-9C2B-4F57-AC5E-BD148874CBE2}"
	ProjectSection(ProjectDependencies) = postProject
		{F764B441-35DB-4ADD-859F-D5DE5B6727F2} = {F764B441-35DB-4ADD-859F-D5DE5B6727F2}
	EndProjectSection
EndProject
Project("{8BC9CEB8-8B4A-11D0-8D11-00A0C91BC942}") = "Camera", "Tutorials\Camera\Camera.vcxproj", "{9EC569BD-39FE-432B-B55D-098153404608}"
	ProjectSection(ProjectDependencies) = postProject
		{F764B441-35DB-4ADD-859F-D5DE5B6727F2} = {F764B441-35DB-4ADD-859F-D5DE5B6727F2}
	EndProjectSection
EndProject
Project("{8BC9CEB8-8B4A-11D0-8D11-00A0C91BC942}") = "Model", "Tutorials\Model\Model.vcxproj", "{2E2559A6-18E3-4249-BE5D-A9B588A7C86E}"
	ProjectSection(ProjectDependencies) = postProject
		{F764B441-35DB-4ADD-859F-D5DE5B6727F2} = {F764B441-35DB-4ADD-859F-D5DE5B6727F2}
	EndProjectSection
EndProject
Project("{8BC9CEB8-8B4A-11D0-8D11-00A0C91BC942}") = "Shader", "Tutorials\Shader\Shader.vcxproj", "{34FABC97-195D-42EA-9077-D24FFBBA553A}"
	ProjectSection(ProjectDependencies) = postProject
		{F764B441-35DB-4ADD-859F-D5DE5B6727F2} = {F764B441-35DB-4ADD-859F-D5DE5B6727F2}
	EndProjectSection
EndProject
Project("{8BC9CEB8-8B4A-11D0-8D11-00A0C91BC942}") = "TerrainRendering", "Tutorials\TerrainRendering\TerrainRendering.vcxproj", "{BC4CEA27-82D1-48AE-977C-05CB6606373A}"
	ProjectSection(ProjectDependencies) = postProject
		{F764B441-35DB-4ADD-859F-D5DE5B6727F2} = {F764B441-35DB-4ADD-859F-D5DE5B6727F2}
	EndProjectSection
EndProject
Project("{8BC9CEB8-8B4A-11D0-8D11-00A0C91BC942}") = "Instancing", "Tutorials\Instancing\Instancing.vcxproj", "{A253E444-FF7E-4497-8211-1434BFB1C6D7}"
	ProjectSection(ProjectDependencies) = postProject
		{F764B441-35DB-4ADD-859F-D5DE5B6727F2} = {F764B441-35DB-4ADD-859F-D5DE5B6727F2}
	EndProjectSection
EndProject
Project("{8BC9CEB8-8B4A-11D0-8D11-00A0C91BC942}") = "HavokTutorial", "Tutorials\HavokTutorial\HavokTutorial.vcxproj", "{6FE18474-434E-4322-8469-46E3BCFA94B2}"
EndProject
Project("{8BC9CEB8-8B4A-11D0-8D11-00A0C91BC942}") = "CompositorTutorial", "Tutorials\CompositorTutorial\CompositorTutorial.vcxproj", "{16FEE52A-E439-40CB-BA36-0EE0108A7B90}"
EndProject
Project("{8BC9CEB8-8B4A-11D0-8D11-00A0C91BC942}") = "ComputeShaderTutorial", "Tutorials\ComputeShaderTutorial\ComputeShaderTutorial.vcxproj", "{4B94F490-B458-468B-863C-9EB038E15A86}"
EndProject
Project("{8BC9CEB8-8B4A-11D0-8D11-00A0C91BC942}") = "ReflectionPlane", "Examples\ReflectionPlane\ReflectionPlane.vcxproj", "{01354D4F-3C79-425D-877E-27D624B60325}"
	ProjectSection(ProjectDependencies) = postProject
		{F764B441-35DB-4ADD-859F-D5DE5B6727F2} = {F764B441-35DB-4ADD-859F-D5DE5B6727F2}
	EndProjectSection
EndProject
Project("{8BC9CEB8-8B4A-11D0-8D11-00A0C91BC942}") = "Multithread", "Examples\Multithread\Multithread.vcxproj", "{0D754958-5239-4CA4-B635-C94E76A7BF5F}"
	ProjectSection(ProjectDependencies) = postProject
		{F764B441-35DB-4ADD-859F-D5DE5B6727F2} = {F764B441-35DB-4ADD-859F-D5DE5B6727F2}
	EndProjectSection
EndProject
Project("{8BC9CEB8-8B4A-11D0-8D11-00A0C91BC942}") = "Qt", "Examples\Qt\Qt.vcxproj", "{75707B1A-0168-4565-BA64-8ED2BC6334BF}"
	ProjectSection(ProjectDependencies) = postProject
		{F764B441-35DB-4ADD-859F-D5DE5B6727F2} = {F764B441-35DB-4ADD-859F-D5DE5B6727F2}
	EndProjectSection
EndProject
Global
	GlobalSection(SolutionConfigurationPlatforms) = preSolution
		Debug|Win32 = Debug|Win32
		Release|Win32 = Release|Win32
	EndGlobalSection
	GlobalSection(ProjectConfigurationPlatforms) = postSolution
		{F764B441-35DB-4ADD-859F-D5DE5B6727F2}.Debug|Win32.ActiveCfg = Debug|Win32
		{F764B441-35DB-4ADD-859F-D5DE5B6727F2}.Debug|Win32.Build.0 = Debug|Win32
		{F764B441-35DB-4ADD-859F-D5DE5B6727F2}.Release|Win32.ActiveCfg = Release|Win32
		{F764B441-35DB-4ADD-859F-D5DE5B6727F2}.Release|Win32.Build.0 = Release|Win32
		{C1408AEF-F41B-4E9E-941E-942D1A1B52DD}.Debug|Win32.ActiveCfg = Debug|Win32
		{C1408AEF-F41B-4E9E-941E-942D1A1B52DD}.Debug|Win32.Build.0 = Debug|Win32
		{C1408AEF-F41B-4E9E-941E-942D1A1B52DD}.Release|Win32.ActiveCfg = Release|Win32
		{C1408AEF-F41B-4E9E-941E-942D1A1B52DD}.Release|Win32.Build.0 = Release|Win32
		{6A289C48-3CB3-4409-BC34-5102200EBBD0}.Debug|Win32.ActiveCfg = Debug|Win32
		{6A289C48-3CB3-4409-BC34-5102200EBBD0}.Debug|Win32.Build.0 = Debug|Win32
		{6A289C48-3CB3-4409-BC34-5102200EBBD0}.Release|Win32.ActiveCfg = Release|Win32
		{6A289C48-3CB3-4409-BC34-5102200EBBD0}.Release|Win32.Build.0 = Release|Win32
		{F35FC41E-A886-4A42-8E34-BDF6058CC98A}.Debug|Win32.ActiveCfg = Debug|Win32
		{F35FC41E-A886-4A42-8E34-BDF6058CC98A}.Debug|Win32.Build.0 = Debug|Win32
		{F35FC41E-A886-4A42-8E34-BDF6058CC98A}.Release|Win32.ActiveCfg = Release|Win32
		{F35FC41E-A886-4A42-8E34-BDF6058CC98A}.Release|Win32.Build.0 = Release|Win32
		{433D67CF-5340-464C-86BB-5ABDE9F3D867}.Debug|Win32.ActiveCfg = Debug|Win32
		{433D67CF-5340-464C-86BB-5ABDE9F3D867}.Debug|Win32.Build.0 = Debug|Win32
		{433D67CF-5340-464C-86BB-5ABDE9F3D867}.Release|Win32.ActiveCfg = Release|Win32
		{433D67CF-5340-464C-86BB-5ABDE9F3D867}.Release|Win32.Build.0 = Release|Win32
		{4FA89066-F29A-4410-B56C-001ED192B1E3}.Debug|Win32.ActiveCfg = Debug|Win32
		{4FA89066-F29A-4410-B56C-001ED192B1E3}.Debug|Win32.Build.0 = Debug|Win32
		{4FA89066-F29A-4410-B56C-001ED192B1E3}.Release|Win32.ActiveCfg = Release|Win32
		{4FA89066-F29A-4410-B56C-001ED192B1E3}.Release|Win32.Build.0 = Release|Win32
		{9B749D34-6BDF-4A0B-8C57-2D36AFDC94DA}.Debug|Win32.ActiveCfg = Debug|Win32
		{9B749D34-6BDF-4A0B-8C57-2D36AFDC94DA}.Debug|Win32.Build.0 = Debug|Win32
		{9B749D34-6BDF-4A0B-8C57-2D36AFDC94DA}.Release|Win32.ActiveCfg = Release|Win32
		{9B749D34-6BDF-4A0B-8C57-2D36AFDC94DA}.Release|Win32.Build.0 = Release|Win32
		{62B5CE9B-57A7-4BD6-A0C5-1AAA94CE7E13}.Debug|Win32.ActiveCfg = Debug|Win32
		{62B5CE9B-57A7-4BD6-A0C5-1AAA94CE7E13}.Debug|Win32.Build.0 = Debug|Win32
		{62B5CE9B-57A7-4BD6-A0C5-1AAA94CE7E13}.Release|Win32.ActiveCfg = Release|Win32
		{62B5CE9B-57A7-4BD6-A0C5-1AAA94CE7E13}.Release|Win32.Build.0 = Release|Win32
		{9BD403FF-62E2-42F4-98F1-D86E00497427}.Debug|Win32.ActiveCfg = Debug|Win32
		{9BD403FF-62E2-42F4-98F1-D86E00497427}.Debug|Win32.Build.0 = Debug|Win32
		{9BD403FF-62E2-42F4-98F1-D86E00497427}.Release|Win32.ActiveCfg = Release|Win32
		{9BD403FF-62E2-42F4-98F1-D86E00497427}.Release|Win32.Build.0 = Release|Win32
		{441BAEF9-FD18-4653-B0B8-05E4C5243538}.Debug|Win32.ActiveCfg = Debug|Win32
		{441BAEF9-FD18-4653-B0B8-05E4C5243538}.Debug|Win32.Build.0 = Debug|Win32
		{441BAEF9-FD18-4653-B0B8-05E4C5243538}.Release|Win32.ActiveCfg = Release|Win32
		{441BAEF9-FD18-4653-B0B8-05E4C5243538}.Release|Win32.Build.0 = Release|Win32
		{331EF10B-29F1-43BB-B678-4211E69C1BE4}.Debug|Win32.ActiveCfg = Debug|Win32
		{331EF10B-29F1-43BB-B678-4211E69C1BE4}.Debug|Win32.Build.0 = Debug|Win32
		{331EF10B-29F1-43BB-B678-4211E69C1BE4}.Release|Win32.ActiveCfg = Release|Win32
		{331EF10B-29F1-43BB-B678-4211E69C1BE4}.Release|Win32.Build.0 = Release|Win32
		{DE2B81EE-0CBE-4B1B-974E-7577589AC24E}.Debug|Win32.ActiveCfg = Debug|Win32
		{DE2B81EE-0CBE-4B1B-974E-7577589AC24E}.Debug|Win32.Build.0 = Debug|Win32
		{DE2B81EE-0CBE-4B1B-974E-7577589AC24E}.Release|Win32.ActiveCfg = Release|Win32
		{DE2B81EE-0CBE-4B1B-974E-7577589AC24E}.Release|Win32.Build.0 = Release|Win32
		{DEBE4326-869C-4DB5-BE46-12F23AE4463E}.Debug|Win32.ActiveCfg = Debug|Win32
		{DEBE4326-869C-4DB5-BE46-12F23AE4463E}.Debug|Win32.Build.0 = Debug|Win32
		{DEBE4326-869C-4DB5-BE46-12F23AE4463E}.Release|Win32.ActiveCfg = Release|Win32
		{DEBE4326-869C-4DB5-BE46-12F23AE4463E}.Release|Win32.Build.0 = Release|Win32
		{374040FD-0288-4C04-A7C8-E32AA26DFE82}.Debug|Win32.ActiveCfg = Debug|Win32
		{374040FD-0288-4C04-A7C8-E32AA26DFE82}.Debug|Win32.Build.0 = Debug|Win32
		{374040FD-0288-4C04-A7C8-E32AA26DFE82}.Release|Win32.ActiveCfg = Release|Win32
		{374040FD-0288-4C04-A7C8-E32AA26DFE82}.Release|Win32.Build.0 = Release|Win32
		{7A049C80-A7C8-4985-8D1F-F6F6ADF5BA0D}.Debug|Win32.ActiveCfg = Debug|Win32
		{7A049C80-A7C8-4985-8D1F-F6F6ADF5BA0D}.Debug|Win32.Build.0 = Debug|Win32
		{7A049C80-A7C8-4985-8D1F-F6F6ADF5BA0D}.Release|Win32.ActiveCfg = Release|Win32
		{7A049C80-A7C8-4985-8D1F-F6F6ADF5BA0D}.Release|Win32.Build.0 = Release|Win32
		{CB6AABF5-003E-4838-9D3F-A3E27FB42BA6}.Debug|Win32.ActiveCfg = Debug|Win32
		{CB6AABF5-003E-4838-9D3F-A3E27FB42BA6}.Debug|Win32.Build.0 = Debug|Win32
		{CB6AABF5-003E-4838-9D3F-A3E27FB42BA6}.Release|Win32.ActiveCfg = Release|Win32
		{CB6AABF5-003E-4838-9D3F-A3E27FB42BA6}.Release|Win32.Build.0 = Release|Win32
		{6E333E82-8B1A-4F2A-993B-1D18096205BF}.Debug|Win32.ActiveCfg = Debug|Win32
		{6E333E82-8B1A-4F2A-993B-1D18096205BF}.Debug|Win32.Build.0 = Debug|Win32
		{6E333E82-8B1A-4F2A-993B-1D18096205BF}.Release|Win32.ActiveCfg = Release|Win32
		{6E333E82-8B1A-4F2A-993B-1D18096205BF}.Release|Win32.Build.0 = Release|Win32
		{68BFCF0F-506C-4E99-9132-A269BE89BF16}.Debug|Win32.ActiveCfg = Debug|Win32
		{68BFCF0F-506C-4E99-9132-A269BE89BF16}.Debug|Win32.Build.0 = Debug|Win32
		{68BFCF0F-506C-4E99-9132-A269BE89BF16}.Release|Win32.ActiveCfg = Release|Win32
		{68BFCF0F-506C-4E99-9132-A269BE89BF16}.Release|Win32.Build.0 = Release|Win32
		{4FEA1107-5CCB-472F-8891-0FE0B75DBF3E}.Debug|Win32.ActiveCfg = Debug|Win32
		{4FEA1107-5CCB-472F-8891-0FE0B75DBF3E}.Debug|Win32.Build.0 = Debug|Win32
		{4FEA1107-5CCB-472F-8891-0FE0B75DBF3E}.Release|Win32.ActiveCfg = Release|Win32
		{4FEA1107-5CCB-472F-8891-0FE0B75DBF3E}.Release|Win32.Build.0 = Release|Win32
		{BEC51213-C375-4E5B-8EBA-E5ED9E7B08D4}.Debug|Win32.ActiveCfg = Debug|Win32
		{BEC51213-C375-4E5B-8EBA-E5ED9E7B08D4}.Debug|Win32.Build.0 = Debug|Win32
		{BEC51213-C375-4E5B-8EBA-E5ED9E7B08D4}.Release|Win32.ActiveCfg = Release|Win32
		{BEC51213-C375-4E5B-8EBA-E5ED9E7B08D4}.Release|Win32.Build.0 = Release|Win32
		{1AB925D1-A22A-42BA-B4FA-7E9AA263ACDF}.Debug|Win32.ActiveCfg = Debug|Win32
		{1AB925D1-A22A-42BA-B4FA-7E9AA263ACDF}.Debug|Win32.Build.0 = Debug|Win32
		{1AB925D1-A22A-42BA-B4FA-7E9AA263ACDF}.Release|Win32.ActiveCfg = Release|Win32
		{1AB925D1-A22A-42BA-B4FA-7E9AA263ACDF}.Release|Win32.Build.0 = Release|Win32
		{910A8350-133A-4765-AA29-E713097D8841}.Debug|Win32.ActiveCfg = Debug|Win32
		{910A8350-133A-4765-AA29-E713097D8841}.Debug|Win32.Build.0 = Debug|Win32
		{910A8350-133A-4765-AA29-E713097D8841}.Release|Win32.ActiveCfg = Release|Win32
		{910A8350-133A-4765-AA29-E713097D8841}.Release|Win32.Build.0 = Release|Win32
		{1140B992-3897-4BA0-B038-D1ECB4460D43}.Debug|Win32.ActiveCfg = Debug|Win32
		{1140B992-3897-4BA0-B038-D1ECB4460D43}.Debug|Win32.Build.0 = Debug|Win32
		{1140B992-3897-4BA0-B038-D1ECB4460D43}.Release|Win32.ActiveCfg = Release|Win32
		{1140B992-3897-4BA0-B038-D1ECB4460D43}.Release|Win32.Build.0 = Release|Win32
		{ABFC3F51-6F70-4952-B816-BDF53F581A6D}.Debug|Win32.ActiveCfg = Debug|Win32
		{ABFC3F51-6F70-4952-B816-BDF53F581A6D}.Debug|Win32.Build.0 = Debug|Win32
		{ABFC3F51-6F70-4952-B816-BDF53F581A6D}.Release|Win32.ActiveCfg = Release|Win32
		{ABFC3F51-6F70-4952-B816-BDF53F581A6D}.Release|Win32.Build.0 = Release|Win32
		{79E504F6-656C-4F47-83FE-DBA1032C59C7}.Debug|Win32.ActiveCfg = Debug|Win32
		{79E504F6-656C-4F47-83FE-DBA1032C59C7}.Debug|Win32.Build.0 = Debug|Win32
		{79E504F6-656C-4F47-83FE-DBA1032C59C7}.Release|Win32.ActiveCfg = Release|Win32
		{79E504F6-656C-4F47-83FE-DBA1032C59C7}.Release|Win32.Build.0 = Release|Win32
		{C8B9F297-9C2B-4F57-AC5E-BD148874CBE2}.Debug|Win32.ActiveCfg = Debug|Win32
		{C8B9F297-9C2B-4F57-AC5E-BD148874CBE2}.Debug|Win32.Build.0 = Debug|Win32
		{C8B9F297-9C2B-4F57-AC5E-BD148874CBE2}.Release|Win32.ActiveCfg = Release|Win32
		{C8B9F297-9C2B-4F57-AC5E-BD148874CBE2}.Release|Win32.Build.0 = Release|Win32
		{9EC569BD-39FE-432B-B55D-098153404608}.Debug|Win32.ActiveCfg = Debug|Win32
		{9EC569BD-39FE-432B-B55D-098153404608}.Debug|Win32.Build.0 = Debug|Win32
		{9EC569BD-39FE-432B-B55D-098153404608}.Release|Win32.ActiveCfg = Release|Win32
		{9EC569BD-39FE-432B-B55D-098153404608}.Release|Win32.Build.0 = Release|Win32
		{2E2559A6-18E3-4249-BE5D-A9B588A7C86E}.Debug|Win32.ActiveCfg = Debug|Win32
		{2E2559A6-18E3-4249-BE5D-A9B588A7C86E}.Debug|Win32.Build.0 = Debug|Win32
		{2E2559A6-18E3-4249-BE5D-A9B588A7C86E}.Release|Win32.ActiveCfg = Release|Win32
		{2E2559A6-18E3-4249-BE5D-A9B588A7C86E}.Release|Win32.Build.0 = Release|Win32
		{34FABC97-195D-42EA-9077-D24FFBBA553A}.Debug|Win32.ActiveCfg = Debug|Win32
		{34FABC97-195D-42EA-9077-D24FFBBA553A}.Debug|Win32.Build.0 = Debug|Win32
		{34FABC97-195D-42EA-9077-D24FFBBA553A}.Release|Win32.ActiveCfg = Release|Win32
		{34FABC97-195D-42EA-9077-D24FFBBA553A}.Release|Win32.Build.0 = Release|Win32
		{BC4CEA27-82D1-48AE-977C-05CB6606373A}.Debug|Win32.ActiveCfg = Debug|Win32
		{BC4CEA27-82D1-48AE-977C-05CB6606373A}.Debug|Win32.Build.0 = Debug|Win32
		{BC4CEA27-82D1-48AE-977C-05CB6606373A}.Release|Win32.ActiveCfg = Release|Win32
		{BC4CEA27-82D1-48AE-977C-05CB6606373A}.Release|Win32.Build.0 = Release|Win32
		{A253E444-FF7E-4497-8211-1434BFB1C6D7}.Debug|Win32.ActiveCfg = Debug|Win32
		{A253E444-FF7E-4497-8211-1434BFB1C6D7}.Debug|Win32.Build.0 = Debug|Win32
		{A253E444-FF7E-4497-8211-1434BFB1C6D7}.Release|Win32.ActiveCfg = Release|Win32
		{A253E444-FF7E-4497-8211-1434BFB1C6D7}.Release|Win32.Build.0 = Release|Win32
		{6FE18474-434E-4322-8469-46E3BCFA94B2}.Debug|Win32.ActiveCfg = Debug|Win32
		{6FE18474-434E-4322-8469-46E3BCFA94B2}.Debug|Win32.Build.0 = Debug|Win32
		{6FE18474-434E-4322-8469-46E3BCFA94B2}.Release|Win32.ActiveCfg = Release|Win32
		{6FE18474-434E-4322-8469-46E3BCFA94B2}.Release|Win32.Build.0 = Release|Win32
		{16FEE52A-E439-40CB-BA36-0EE0108A7B90}.Debug|Win32.ActiveCfg = Debug|Win32
		{16FEE52A-E439-40CB-BA36-0EE0108A7B90}.Debug|Win32.Build.0 = Debug|Win32
		{16FEE52A-E439-40CB-BA36-0EE0108A7B90}.Release|Win32.ActiveCfg = Release|Win32
		{16FEE52A-E439-40CB-BA36-0EE0108A7B90}.Release|Win32.Build.0 = Release|Win32
		{4B94F490-B458-468B-863C-9EB038E15A86}.Debug|Win32.ActiveCfg = Debug|Win32
		{4B94F490-B458-468B-863C-9EB038E15A86}.Debug|Win32.Build.0 = Debug|Win32
		{4B94F490-B458-468B-863C-9EB038E15A86}.Release|Win32.ActiveCfg = Release|Win32
		{4B94F490-B458-468B-863C-9EB038E15A86}.Release|Win32.Build.0 = Release|Win32
		{01354D4F-3C79-425D-877E-27D624B60325}.Debug|Win32.ActiveCfg = Debug|Win32
		{01354D4F-3C79-425D-877E-27D624B60325}.Debug|Win32.Build.0 = Debug|Win32
		{01354D4F-3C79-425D-877E-27D624B60325}.Release|Win32.ActiveCfg = Release|Win32
		{01354D4F-3C79-425D-877E-27D624B60325}.Release|Win32.Build.0 = Release|Win32
		{0D754958-5239-4CA4-B635-C94E76A7BF5F}.Debug|Win32.ActiveCfg = Debug|Win32
		{0D754958-5239-4CA4-B635-C94E76A7BF5F}.Debug|Win32.Build.0 = Debug|Win32
		{0D754958-5239-4CA4-B635-C94E76A7BF5F}.Release|Win32.ActiveCfg = Release|Win32
		{0D754958-5239-4CA4-B635-C94E76A7BF5F}.Release|Win32.Build.0 = Release|Win32
		{75707B1A-0168-4565-BA64-8ED2BC6334BF}.Debug|Win32.ActiveCfg = Debug|Win32
		{75707B1A-0168-4565-BA64-8ED2BC6334BF}.Debug|Win32.Build.0 = Debug|Win32
		{75707B1A-0168-4565-BA64-8ED2BC6334BF}.Release|Win32.ActiveCfg = Release|Win32
		{75707B1A-0168-4565-BA64-8ED2BC6334BF}.Release|Win32.Build.0 = Release|Win32
	EndGlobalSection
	GlobalSection(SolutionProperties) = preSolution
		HideSolutionNode = FALSE
	EndGlobalSection
	GlobalSection(NestedProjects) = preSolution
		{C1408AEF-F41B-4E9E-941E-942D1A1B52DD} = {57B3FAA2-19BF-4F3F-8F33-15129AB65F96}
		{6A289C48-3CB3-4409-BC34-5102200EBBD0} = {57B3FAA2-19BF-4F3F-8F33-15129AB65F96}
		{F35FC41E-A886-4A42-8E34-BDF6058CC98A} = {57B3FAA2-19BF-4F3F-8F33-15129AB65F96}
		{433D67CF-5340-464C-86BB-5ABDE9F3D867} = {57B3FAA2-19BF-4F3F-8F33-15129AB65F96}
		{4FA89066-F29A-4410-B56C-001ED192B1E3} = {57B3FAA2-19BF-4F3F-8F33-15129AB65F96}
		{9B749D34-6BDF-4A0B-8C57-2D36AFDC94DA} = {57B3FAA2-19BF-4F3F-8F33-15129AB65F96}
		{62B5CE9B-57A7-4BD6-A0C5-1AAA94CE7E13} = {57B3FAA2-19BF-4F3F-8F33-15129AB65F96}
		{9BD403FF-62E2-42F4-98F1-D86E00497427} = {57B3FAA2-19BF-4F3F-8F33-15129AB65F96}
		{441BAEF9-FD18-4653-B0B8-05E4C5243538} = {57B3FAA2-19BF-4F3F-8F33-15129AB65F96}
		{331EF10B-29F1-43BB-B678-4211E69C1BE4} = {57B3FAA2-19BF-4F3F-8F33-15129AB65F96}
		{374040FD-0288-4C04-A7C8-E32AA26DFE82} = {57B3FAA2-19BF-4F3F-8F33-15129AB65F96}
		{68BFCF0F-506C-4E99-9132-A269BE89BF16} = {57B3FAA2-19BF-4F3F-8F33-15129AB65F96}
		{4FEA1107-5CCB-472F-8891-0FE0B75DBF3E} = {57B3FAA2-19BF-4F3F-8F33-15129AB65F96}
		{BEC51213-C375-4E5B-8EBA-E5ED9E7B08D4} = {57B3FAA2-19BF-4F3F-8F33-15129AB65F96}
		{01354D4F-3C79-425D-877E-27D624B60325} = {57B3FAA2-19BF-4F3F-8F33-15129AB65F96}
		{0D754958-5239-4CA4-B635-C94E76A7BF5F} = {57B3FAA2-19BF-4F3F-8F33-15129AB65F96}
		{75707B1A-0168-4565-BA64-8ED2BC6334BF} = {57B3FAA2-19BF-4F3F-8F33-15129AB65F96}
		{DE2B81EE-0CBE-4B1B-974E-7577589AC24E} = {F18F03AF-E12D-4FD7-91B8-DB354EBA1CAD}
		{DEBE4326-869C-4DB5-BE46-12F23AE4463E} = {F18F03AF-E12D-4FD7-91B8-DB354EBA1CAD}
		{7A049C80-A7C8-4985-8D1F-F6F6ADF5BA0D} = {C27AB49C-D5C1-4815-886B-126546718504}
		{CB6AABF5-003E-4838-9D3F-A3E27FB42BA6} = {C27AB49C-D5C1-4815-886B-126546718504}
		{6E333E82-8B1A-4F2A-993B-1D18096205BF} = {C27AB49C-D5C1-4815-886B-126546718504}
		{1AB925D1-A22A-42BA-B4FA-7E9AA263ACDF} = {C27AB49C-D5C1-4815-886B-126546718504}
		{910A8350-133A-4765-AA29-E713097D8841} = {C27AB49C-D5C1-4815-886B-126546718504}
		{1140B992-3897-4BA0-B038-D1ECB4460D43} = {C27AB49C-D5C1-4815-886B-126546718504}
		{ABFC3F51-6F70-4952-B816-BDF53F581A6D} = {BA99B0F4-18D0-447C-8438-245C98D17A71}
		{79E504F6-656C-4F47-83FE-DBA1032C59C7} = {BA99B0F4-18D0-447C-8438-245C98D17A71}
		{C8B9F297-9C2B-4F57-AC5E-BD148874CBE2} = {BA99B0F4-18D0-447C-8438-245C98D17A71}
		{9EC569BD-39FE-432B-B55D-098153404608} = {BA99B0F4-18D0-447C-8438-245C98D17A71}
		{2E2559A6-18E3-4249-BE5D-A9B588A7C86E} = {BA99B0F4-18D0-447C-8438-245C98D17A71}
		{34FABC97-195D-42EA-9077-D24FFBBA553A} = {BA99B0F4-18D0-447C-8438-245C98D17A71}
		{BC4CEA27-82D1-48AE-977C-05CB6606373A} = {BA99B0F4-18D0-447C-8438-245C98D17A71}
		{A253E444-FF7E-4497-8211-1434BFB1C6D7} = {BA99B0F4-18D0-447C-8438-245C98D17A71}
		{6FE18474-434E-4322-8469-46E3BCFA94B2} = {BA99B0F4-18D0-447C-8438-245C98D17A71}
		{16FEE52A-E439-40CB-BA36-0EE0108A7B90} = {BA99B0F4-18D0-447C-8438-245C98D17A71}
		{4B94F490-B458-468B-863C-9EB038E15A86} = {BA99B0F4-18D0-447C-8438-245C98D17A71}
	EndGlobalSection
EndGlobal
